<Solution>
  <Folder Name="/Advanced/" />
  <Folder Name="/Advanced/01-MindMesh/" />
  <Folder Name="/Advanced/01-MindMesh/Backend/">
    <Project Path="Advanced/01-MindMesh/Backend/MindMesh.API/MindMesh.API.csproj" />
    <Project Path="Advanced/01-MindMesh/Backend/MindMesh.Application/MindMesh.Application.csproj" />
    <Project Path="Advanced/01-MindMesh/Backend/MindMesh.Domain/MindMesh.Domain.csproj" />
    <Project Path="Advanced/01-MindMesh/Backend/MindMesh.Infrastructure/MindMesh.Infrastructure.csproj" />
  </Folder>
  <Folder Name="/Advanced/02-LedgerFlow/">
    <Project Path="Advanced/02-LedgerFlow/LedgerFlow.API/LedgerFlow.API.csproj" />
  </Folder>
  <Folder Name="/Advanced/03-SkillForge/" />
  <Folder Name="/Advanced/03-SkillForge/Backend/">
    <Project Path="Advanced/03-SkillForge/Backend/SkillForge.API/SkillForge.API.csproj" />
    <Project Path="Advanced/03-SkillForge/Backend/SkillForge.Application/SkillForge.Application.csproj" />
    <Project Path="Advanced/03-SkillForge/Backend/SkillForge.Domain/SkillForge.Domain.csproj" />
    <Project Path="Advanced/03-SkillForge/Backend/SkillForge.Infrastructure/SkillForge.Infrastructure.csproj" />
  </Folder>
  <Folder Name="/Advanced/04-EventSphere/" />
  <Folder Name="/Advanced/04-EventSphere/Backend/">
    <Project Path="Advanced/04-EventSphere/Backend/EventSphere.API/EventSphere.API.csproj" />
    <Project Path="Advanced/04-EventSphere/Backend/EventSphere.Application/EventSphere.Application.csproj" />
    <Project Path="Advanced/04-EventSphere/Backend/EventSphere.Domain/EventSphere.Domain.csproj" />
    <Project Path="Advanced/04-EventSphere/Backend/EventSphere.Infrastructure/EventSphere.Infrastructure.csproj" />
  </Folder>
  <Folder Name="/Advanced/05-CraftCommerce/" />
  <Folder Name="/Advanced/05-CraftCommerce/Backend/">
    <Project Path="Advanced/05-CraftCommerce/Backend/CraftCommerce.API/CraftCommerce.API.csproj" />
    <Project Path="Advanced/05-CraftCommerce/Backend/CraftCommerce.Application/CraftCommerce.Application.csproj" />
    <Project Path="Advanced/05-CraftCommerce/Backend/CraftCommerce.Domain/CraftCommerce.Domain.csproj" />
    <Project Path="Advanced/05-CraftCommerce/Backend/CraftCommerce.Infrastructure/CraftCommerce.Infrastructure.csproj" />
  </Folder>
  <Folder Name="/Advanced/06-MedConnect/" />
  <Folder Name="/Advanced/06-MedConnect/Backend/">
    <Project Path="Advanced/06-MedConnect/Backend/MedConnect.API/MedConnect.API.csproj" />
    <Project Path="Advanced/06-MedConnect/Backend/MedConnect.Application/MedConnect.Application.csproj" />
    <Project Path="Advanced/06-MedConnect/Backend/MedConnect.Domain/MedConnect.Domain.csproj" />
    <Project Path="Advanced/06-MedConnect/Backend/MedConnect.Infrastructure/MedConnect.Infrastructure.csproj" />
  </Folder>
  <Folder Name="/Advanced/07-StreamVault/" />
  <Folder Name="/Advanced/07-StreamVault/Backend/">
    <Project Path="Advanced/07-StreamVault/Backend/StreamVault.API/StreamVault.API.csproj" />
    <Project Path="Advanced/07-StreamVault/Backend/StreamVault.Application/StreamVault.Application.csproj" />
    <Project Path="Advanced/07-StreamVault/Backend/StreamVault.Domain/StreamVault.Domain.csproj" />
    <Project Path="Advanced/07-StreamVault/Backend/StreamVault.Infrastructure/StreamVault.Infrastructure.csproj" />
  </Folder>
  <Folder Name="/Advanced/08-TalentBridge/" />
  <Folder Name="/Advanced/08-TalentBridge/Backend/">
    <Project Path="Advanced/08-TalentBridge/Backend/TalentBridgeAPI/TalentBridgeAPI.csproj" />
  </Folder>
  <Folder Name="/Beginner/" />
  <Folder Name="/Beginner/01-TaskFlowApi/">
    <Project Path="Beginner/01-TaskFlowApi/TaskFlow.Api/TaskFlow.Api.csproj" />
  </Folder>
  <Folder Name="/Beginner/02-VideoPlatformApi/">
    <Project Path="Beginner/02-VideoPlatformApi/VideoPlatformApi.Api/VideoPlatformApi.Api.csproj" />
  </Folder>
  <Folder Name="/Beginner/03-SkillSwapAPI/">
    <Project Path="Beginner/03-SkillSwapAPI/SkillSwapAPI.Api/SkillSwapAPI.Api.csproj" />
  </Folder>
  <Folder Name="/Beginner/04-LostAndFoundApi/">
    <Project Path="Beginner/04-LostAndFoundApi/LostAndFoundApi.Api/LostAndFoundApi.Api.csproj" />
  </Folder>
  <Folder Name="/Beginner/05-NoteVaultAPI/">
    <Project Path="Beginner/05-NoteVaultAPI/NoteVaultAPI/NoteVaultAPI.csproj" />
  </Folder>
  <Folder Name="/Beginner/06-PulseBoardAPI/">
    <Project Path="Beginner/06-PulseBoardAPI/PulseBoardAPI/PulseBoardAPI.csproj" />
  </Folder>
  <Folder Name="/Beginner/07-MomentoAPI/">
    <Project Path="Beginner/07-MomentoAPI/MomentoAPI/MomentoAPI.csproj" />
  </Folder>
  <Folder Name="/Beginner/08-VibeVaultAPI/">
    <Project Path="Beginner/08-VibeVaultAPI/VibeVaultAPI/VibeVaultAPI.csproj" />
  </Folder>
  <Folder Name="/Beginner/09-CodeSnapAPI/">
    <Project Path="Beginner/09-CodeSnapAPI/CodeSnapAPI/CodeSnapAPI.csproj" />
  </Folder>
  <Folder Name="/Beginner/10-SoundVaultAPI/">
    <Project Path="Beginner/10-SoundVaultAPI/SoundVaultAPI/SoundVaultAPI.csproj" />
  </Folder>
  <Folder Name="/Intermediate/" />
  <Folder Name="/Intermediate/01-EventHive/">
    <Project Path="Intermediate/01-EventHive/EventHive.API/EventHive.API.csproj" />
    <Project Path="Intermediate/01-EventHive/EventHive.Application/EventHive.Application.csproj" />
    <Project Path="Intermediate/01-EventHive/EventHive.Domain/EventHive.Domain.csproj" />
    <Project Path="Intermediate/01-EventHive/EventHive.Infrastructure/EventHive.Infrastructure.csproj" />
  </Folder>
  <Folder Name="/Intermediate/01-EventHive/EventHiveApi/">
    <Project Path="Intermediate/01-EventHive/EventHiveApi/EventHive.API/EventHive.API.csproj" />
    <Project Path="Intermediate/01-EventHive/EventHiveApi/EventHive.Application/EventHive.Application.csproj" />
    <Project Path="Intermediate/01-EventHive/EventHiveApi/EventHive.Domain/EventHive.Domain.csproj" />
    <Project Path="Intermediate/01-EventHive/EventHiveApi/EventHive.Infrastructure/EventHive.Infrastructure.csproj" />
  </Folder>
  <Folder Name="/Intermediate/02-GigLink/" />
  <Folder Name="/Intermediate/02-GigLink/Backend/">
    <Project Path="Intermediate/02-GigLink/Backend/GigLink.API/GigLink.API.csproj" />
    <Project Path="Intermediate/02-GigLink/Backend/GigLink.Application/GigLink.Application.csproj" />
    <Project Path="Intermediate/02-GigLink/Backend/GigLink.Domain/GigLink.Domain.csproj" />
    <Project Path="Intermediate/02-GigLink/Backend/GigLink.Infrastructure/GigLink.Infrastructure.csproj" />
  </Folder>
  <Folder Name="/Intermediate/03-ShelfLife/" />
  <Folder Name="/Intermediate/03-ShelfLife/Backend/">
    <Project Path="Intermediate/03-ShelfLife/Backend/ShelfLife.API/ShelfLife.API.csproj" />
    <Project Path="Intermediate/03-ShelfLife/Backend/ShelfLife.Application/ShelfLife.Application.csproj" />
    <Project Path="Intermediate/03-ShelfLife/Backend/ShelfLife.Domain/ShelfLife.Domain.csproj" />
    <Project Path="Intermediate/03-ShelfLife/Backend/ShelfLife.Infrastructure/ShelfLife.Infrastructure.csproj" />
  </Folder>
  <Folder Name="/Intermediate/04-SignalDesk/" />
  <Folder Name="/Intermediate/04-SignalDesk/Backend/">
    <Project Path="Intermediate/04-SignalDesk/Backend/SignalDesk.API/SignalDesk.API.csproj" />
    <Project Path="Intermediate/04-SignalDesk/Backend/SignalDesk.BLL/SignalDesk.BLL.csproj" />
    <Project Path="Intermediate/04-SignalDesk/Backend/SignalDesk.DAL/SignalDesk.DAL.csproj" />
  </Folder>
  <Folder Name="/Intermediate/05-Vaultly/" />
  <Folder Name="/Intermediate/05-Vaultly/Backend/">
    <Project Path="Intermediate/05-Vaultly/Backend/Vaultly.API/Vaultly.API.csproj" />
    <Project Path="Intermediate/05-Vaultly/Backend/Vaultly.Application/Vaultly.Application.csproj" />
    <Project Path="Intermediate/05-Vaultly/Backend/Vaultly.Domain/Vaultly.Domain.csproj" />
    <Project Path="Intermediate/05-Vaultly/Backend/Vaultly.Infrastructure/Vaultly.Infrastructure.csproj" />
  </Folder>
  <Folder Name="/Intermediate/06-ChatterHub/">
    <Project Path="Intermediate/06-ChatterHub/ChatterHub.API/ChatterHub.API.csproj" />
  </Folder>
  <Folder Name="/Intermediate/07-RentEase/">
    <Project Path="Intermediate/07-RentEase/RentEase.API/RentEase.API.csproj" />
  </Folder>
  <Folder Name="/Intermediate/08-MarketPulse/" />
  <Folder Name="/Intermediate/08-MarketPulse/Backend/">
    <Project Path="Intermediate/08-MarketPulse/Backend/MarketPulse.API/MarketPulse.API.csproj" />
  </Folder>
  <Folder Name="/Intermediate/09-FitTrackPro/" />
  <Folder Name="/Intermediate/09-FitTrackPro/Backend/">
    <Project Path="Intermediate/09-FitTrackPro/Backend/FitTrackPro.API/FitTrackPro.API.csproj" />
  </Folder>
  <Folder Name="/Intermediate/10-PropVista/" />
  <Folder Name="/Intermediate/10-PropVista/backend/">
    <Project Path="Intermediate/10-PropVista/backend/PropVista.API/PropVista.API.csproj" />
  </Folder>
</Solution>
